
Microsoft Visual Studio Solution File, Format Version 12.00
# Visual Studio Version 17
VisualStudioVersion = 17.3.32929.385
MinimumVisualStudioVersion = 10.0.40219.1
Project("{FAE04EC0-301F-11D3-BF4B-00C04F79EFBC}") = "KaitossSendEmails", "KaitossSendEmails\KaitossSendEmails.csproj", "{837BE139-E698-4591-BE02-C54691FF0A12}"
EndProject
Project("{FAE04EC0-301F-11D3-BF4B-00C04F79EFBC}") = "Kaitoss.EmailServies", "Kaitoss.EmailServies\Kaitoss.EmailServies.csproj", "{1DF6726A-E1D6-4E07-BF2C-02CCF9EC70C1}"
EndProject
Project("{FAE04EC0-301F-11D3-BF4B-00C04F79EFBC}") = "Kaitoss.DbModels", "Kaitoss.DbModels\Kaitoss.DbModels.csproj", "{5E93BF80-599A-4DBD-B542-AC7C1530C3B3}"
EndProject
Global
	GlobalSection(SolutionConfigurationPlatforms) = preSolution
		Debug|Any CPU = Debug|Any CPU
		Release|Any CPU = Release|Any CPU
	EndGlobalSection
	GlobalSection(ProjectConfigurationPlatforms) = postSolution
		{837BE139-E698-4591-BE02-C54691FF0A12}.Debug|Any CPU.ActiveCfg = Debug|Any CPU
		{837BE139-E698-4591-BE02-C54691FF0A12}.Debug|Any CPU.Build.0 = Debug|Any CPU
		{837BE139-E698-4591-BE02-C54691FF0A12}.Release|Any CPU.ActiveCfg = Release|Any CPU
		{837BE139-E698-4591-BE02-C54691FF0A12}.Release|Any CPU.Build.0 = Release|Any CPU
		{1DF6726A-E1D6-4E07-BF2C-02CCF9EC70C1}.Debug|Any CPU.ActiveCfg = Debug|Any CPU
		{1DF6726A-E1D6-4E07-BF2C-02CCF9EC70C1}.Debug|Any CPU.Build.0 = Debug|Any CPU
		{1DF6726A-E1D6-4E07-BF2C-02CCF9EC70C1}.Release|Any CPU.ActiveCfg = Release|Any CPU
		{1DF6726A-E1D6-4E07-BF2C-02CCF9EC70C1}.Release|Any CPU.Build.0 = Release|Any CPU
		{5E93BF80-599A-4DBD-B542-AC7C1530C3B3}.Debug|Any CPU.ActiveCfg = Debug|Any CPU
		{5E93BF80-599A-4DBD-B542-AC7C1530C3B3}.Debug|Any CPU.Build.0 = Debug|Any CPU
		{5E93BF80-599A-4DBD-B542-AC7C1530C3B3}.Release|Any CPU.ActiveCfg = Release|Any CPU
		{5E93BF80-599A-4DBD-B542-AC7C1530C3B3}.Release|Any CPU.Build.0 = Release|Any CPU
	EndGlobalSection
	GlobalSection(SolutionProperties) = preSolution
		HideSolutionNode = FALSE
	EndGlobalSection
	GlobalSection(ExtensibilityGlobals) = postSolution
		SolutionGuid = {B8DD46CF-6FB3-4CC3-A447-07CED85A517A}
	EndGlobalSection
EndGlobal
